
Microsoft Visual Studio Solution File, Format Version 12.00
# Visual Studio Version 17
VisualStudioVersion = 17.11.35327.3
MinimumVisualStudioVersion = 10.0.40219.1
Project("{9A19103F-16F7-4668-BE54-9A1E7A4F7556}") = "git-report-api", "git-report-api.csproj", "{0DA5F9A2-49B0-4416-A225-924D8071074C}"
EndProject
Global
	GlobalSection(SolutionConfigurationPlatforms) = preSolution
		Debug|Any CPU = Debug|Any CPU
		Release|Any CPU = Release|Any CPU
	EndGlobalSection
	GlobalSection(ProjectConfigurationPlatforms) = postSolution
		{0DA5F9A2-49B0-4416-A225-924D8071074C}.Debug|Any CPU.ActiveCfg = Debug|Any CPU
		{0DA5F9A2-49B0-4416-A225-924D8071074C}.Debug|Any CPU.Build.0 = Debug|Any CPU
		{0DA5F9A2-49B0-4416-A225-924D8071074C}.Release|Any CPU.ActiveCfg = Release|Any CPU
		{0DA5F9A2-49B0-4416-A225-924D8071074C}.Release|Any CPU.Build.0 = Release|Any CPU
	EndGlobalSection
	GlobalSection(SolutionProperties) = preSolution
		HideSolutionNode = FALSE
	EndGlobalSection
	GlobalSection(ExtensibilityGlobals) = postSolution
		SolutionGuid = {AEA797DC-6450-4CF1-BD5A-279BC8A2DC83}
	EndGlobalSection
EndGlobal
